# THIS IS AN AUTOGENERATED FILE. DO NOT EDIT THIS FILE DIRECTLY.
# yarn lockfile v1


"@tootallnate/once@2":
  version "2.0.0"
  resolved "https://packages.atlassian.com/api/npm/npm-remote/@tootallnate/once/-/once-2.0.0.tgz#f544a148d3ab35801c1f633a7441fd87c2e484bf"
  integrity sha1-9UShSNOrNYAcH2M6dEH9h8LkhL8=

"@types/node@^16.11.6":
  version "16.11.11"
  resolved "https://packages.atlassian.com/api/npm/npm-remote/@types/node/-/node-16.11.11.tgz#6ea7342dfb379ea1210835bada87b3c512120234"
  integrity sha1-bqc0Lfs3nqEhCDW62oezxRISAjQ=

abab@^2.0.3, abab@^2.0.5:
  version "2.0.5"
  resolved "https://packages.atlassian.com/api/npm/npm-remote/abab/-/abab-2.0.5.tgz#c0b678fb32d60fc1219c784d6a826fe385aeb79a"
  integrity sha1-wLZ4+zLWD8EhnHhNaoJv44Wut5o=

acorn-globals@^6.0.0:
  version "6.0.0"
  resolved "https://packages.atlassian.com/api/npm/npm-remote/acorn-globals/-/acorn-globals-6.0.0.tgz#46cdd39f0f8ff08a876619b55f5ac8a6dc770b45"
  integrity sha1-Rs3Tnw+P8IqHZhm1X1rIptx3C0U=
  dependencies:
    acorn "^7.1.1"
    acorn-walk "^7.1.1"

acorn-walk@^7.1.1:
  version "7.2.0"
  resolved "https://packages.atlassian.com/api/npm/npm-remote/acorn-walk/-/acorn-walk-7.2.0.tgz#0de889a601203909b0fbe07b8938dc21d2e967bc"
  integrity sha1-DeiJpgEgOQmw++B7iTjcIdLpZ7w=

acorn@^7.1.1:
  version "7.4.1"
  resolved "https://packages.atlassian.com/api/npm/npm-remote/acorn/-/acorn-7.4.1.tgz#feaed255973d2e77555b83dbc08851a6c63520fa"
  integrity sha1-/q7SVZc9LndVW4PbwIhRpsY1IPo=

acorn@^8.5.0:
  version "8.6.0"
  resolved "https://packages.atlassian.com/api/npm/npm-remote/acorn/-/acorn-8.6.0.tgz#e3692ba0eb1a0c83eaa4f37f5fa7368dd7142895"
  integrity sha1-42kroOsaDIPqpPN/X6c2jdcUKJU=

agent-base@6:
  version "6.0.2"
  resolved "https://packages.atlassian.com/api/npm/npm-remote/agent-base/-/agent-base-6.0.2.tgz#49fff58577cfee3f37176feab4c22e00f86d7f77"
  integrity sha1-Sf/1hXfP7j83F2/qtMIuAPhtf3c=
  dependencies:
    debug "4"

anymatch@~3.1.2:
  version "3.1.2"
  resolved "https://packages.atlassian.com/api/npm/npm-remote/anymatch/-/anymatch-3.1.2.tgz#c0557c096af32f106198f4f4e2a383537e378716"
  integrity sha1-wFV8CWrzLxBhmPT04qODU343hxY=
  dependencies:
    normalize-path "^3.0.0"
    picomatch "^2.0.4"

aocrunner@^1.4.5:
  version "1.4.5"
  resolved "https://packages.atlassian.com/api/npm/npm-remote/aocrunner/-/aocrunner-1.4.5.tgz#fd28d86aa861f3abdd2b9f5d34b2370d138c49b9"
  integrity sha1-/SjYaqhh86vdK59dNLI3DROMSbk=
  dependencies:
    chokidar "^3.5.2"
    common-tags "^1.8.0"
    dotenv "^10.0.0"
    esbuild "^0.13.12"
    get-caller-file "^2.0.5"
    jsdom "^18.0.1"
    kleur "^4.1.4"
    node-fetch "^3.0.0"
    prompts "^2.4.2"
    tslib "^2.3.1"
    typescript "^4.4.4"

asynckit@^0.4.0:
  version "0.4.0"
  resolved "https://packages.atlassian.com/api/npm/npm-remote/asynckit/-/asynckit-0.4.0.tgz#c79ed97f7f34cb8f2ba1bc9790bcc366474b4b79"
  integrity sha1-x57Zf380y48robyXkLzDZkdLS3k=

binary-extensions@^2.0.0:
  version "2.2.0"
  resolved "https://packages.atlassian.com/api/npm/npm-remote/binary-extensions/-/binary-extensions-2.2.0.tgz#75f502eeaf9ffde42fc98829645be4ea76bd9e2d"
  integrity sha1-dfUC7q+f/eQvyYgpZFvk6na9ni0=

braces@~3.0.2:
  version "3.0.2"
  resolved "https://packages.atlassian.com/api/npm/npm-remote/braces/-/braces-3.0.2.tgz#3454e1a462ee8d599e236df336cd9ea4f8afe107"
  integrity sha1-NFThpGLujVmeI23zNs2epPiv4Qc=
  dependencies:
    fill-range "^7.0.1"

browser-process-hrtime@^1.0.0:
  version "1.0.0"
  resolved "https://packages.atlassian.com/api/npm/npm-remote/browser-process-hrtime/-/browser-process-hrtime-1.0.0.tgz#3c9b4b7d782c8121e56f10106d84c0d0ffc94626"
  integrity sha1-PJtLfXgsgSHlbxAQbYTA0P/JRiY=

chokidar@^3.5.2:
  version "3.5.2"
  resolved "https://packages.atlassian.com/api/npm/npm-remote/chokidar/-/chokidar-3.5.2.tgz#dba3976fcadb016f66fd365021d91600d01c1e75"
  integrity sha1-26OXb8rbAW9m/TZQIdkWANAcHnU=
  dependencies:
    anymatch "~3.1.2"
    braces "~3.0.2"
    glob-parent "~5.1.2"
    is-binary-path "~2.1.0"
    is-glob "~4.0.1"
    normalize-path "~3.0.0"
    readdirp "~3.6.0"
  optionalDependencies:
    fsevents "~2.3.2"

combined-stream@^1.0.8:
  version "1.0.8"
  resolved "https://packages.atlassian.com/api/npm/npm-remote/combined-stream/-/combined-stream-1.0.8.tgz#c3d45a8b34fd730631a110a8a2520682b31d5a7f"
  integrity sha1-w9RaizT9cwYxoRCoolIGgrMdWn8=
  dependencies:
    delayed-stream "~1.0.0"

common-tags@^1.8.0:
  version "1.8.2"
  resolved "https://packages.atlassian.com/api/npm/npm-remote/common-tags/-/common-tags-1.8.2.tgz#94ebb3c076d26032745fd54face7f688ef5ac9c6"
  integrity sha1-lOuzwHbSYDJ0X9VPrOf2iO9aycY=

cssom@^0.5.0:
  version "0.5.0"
  resolved "https://packages.atlassian.com/api/npm/npm-remote/cssom/-/cssom-0.5.0.tgz#d254fa92cd8b6fbd83811b9fbaed34663cc17c36"
  integrity sha1-0lT6ks2Lb72DgRufuu00ZjzBfDY=

cssom@~0.3.6:
  version "0.3.8"
  resolved "https://packages.atlassian.com/api/npm/npm-remote/cssom/-/cssom-0.3.8.tgz#9f1276f5b2b463f2114d3f2c75250af8c1a36f4a"
  integrity sha1-nxJ29bK0Y/IRTT8sdSUK+MGjb0o=

cssstyle@^2.3.0:
  version "2.3.0"
  resolved "https://packages.atlassian.com/api/npm/npm-remote/cssstyle/-/cssstyle-2.3.0.tgz#ff665a0ddbdc31864b09647f34163443d90b0852"
  integrity sha1-/2ZaDdvcMYZLCWR/NBY0Q9kLCFI=
  dependencies:
    cssom "~0.3.6"

data-uri-to-buffer@^4.0.0:
  version "4.0.0"
  resolved "https://packages.atlassian.com/api/npm/npm-remote/data-uri-to-buffer/-/data-uri-to-buffer-4.0.0.tgz#b5db46aea50f6176428ac05b73be39a57701a64b"
  integrity sha1-tdtGrqUPYXZCisBbc745pXcBpks=

data-urls@^3.0.1:
  version "3.0.1"
  resolved "https://packages.atlassian.com/api/npm/npm-remote/data-urls/-/data-urls-3.0.1.tgz#597fc2ae30f8bc4dbcf731fcd1b1954353afc6f8"
  integrity sha1-WX/CrjD4vE289zH80bGVQ1Ovxvg=
  dependencies:
    abab "^2.0.3"
    whatwg-mimetype "^3.0.0"
    whatwg-url "^10.0.0"

debug@4:
  version "4.3.3"
  resolved "https://packages.atlassian.com/api/npm/npm-remote/debug/-/debug-4.3.3.tgz#04266e0b70a98d4462e6e288e38259213332b664"
  integrity sha1-BCZuC3CpjURi5uKI44JZITMytmQ=
  dependencies:
    ms "2.1.2"

decimal.js@^10.3.1:
  version "10.3.1"
  resolved "https://packages.atlassian.com/api/npm/npm-remote/decimal.js/-/decimal.js-10.3.1.tgz#d8c3a444a9c6774ba60ca6ad7261c3a94fd5e783"
  integrity sha1-2MOkRKnGd0umDKatcmHDqU/V54M=

deep-is@~0.1.3:
  version "0.1.4"
  resolved "https://packages.atlassian.com/api/npm/npm-remote/deep-is/-/deep-is-0.1.4.tgz#a6f2dce612fadd2ef1f519b73551f17e85199831"
  integrity sha1-pvLc5hL63S7x9Rm3NVHxfoUZmDE=

delayed-stream@~1.0.0:
  version "1.0.0"
  resolved "https://packages.atlassian.com/api/npm/npm-remote/delayed-stream/-/delayed-stream-1.0.0.tgz#df3ae199acadfb7d440aaae0b29e2272b24ec619"
  integrity sha1-3zrhmayt+31ECqrgsp4icrJOxhk=

domexception@^4.0.0:
  version "4.0.0"
  resolved "https://packages.atlassian.com/api/npm/npm-remote/domexception/-/domexception-4.0.0.tgz#4ad1be56ccadc86fc76d033353999a8037d03673"
  integrity sha1-StG+VsytyG/HbQMzU5magDfQNnM=
  dependencies:
    webidl-conversions "^7.0.0"

dotenv@^10.0.0:
  version "10.0.0"
  resolved "https://packages.atlassian.com/api/npm/npm-remote/dotenv/-/dotenv-10.0.0.tgz#3d4227b8fb95f81096cdd2b66653fb2c7085ba81"
  integrity sha1-PUInuPuV+BCWzdK2ZlP7LHCFuoE=

esbuild-android-arm64@0.13.15:
  version "0.13.15"
  resolved "https://packages.atlassian.com/api/npm/npm-remote/esbuild-android-arm64/-/esbuild-android-arm64-0.13.15.tgz#3fc3ff0bab76fe35dd237476b5d2b32bb20a3d44"
  integrity sha1-P8P/C6t2/jXdI3R2tdKzK7IKPUQ=

esbuild-darwin-64@0.13.15:
  version "0.13.15"
  resolved "https://packages.atlassian.com/api/npm/npm-remote/esbuild-darwin-64/-/esbuild-darwin-64-0.13.15.tgz#8e9169c16baf444eacec60d09b24d11b255a8e72"
  integrity sha1-jpFpwWuvRE6s7GDQmyTRGyVajnI=

esbuild-darwin-arm64@0.13.15:
  version "0.13.15"
  resolved "https://packages.atlassian.com/api/npm/npm-remote/esbuild-darwin-arm64/-/esbuild-darwin-arm64-0.13.15.tgz#1b07f893b632114f805e188ddfca41b2b778229a"
  integrity sha1-Gwf4k7YyEU+AXhiN38pBsrd4Ipo=

esbuild-freebsd-64@0.13.15:
  version "0.13.15"
  resolved "https://packages.atlassian.com/api/npm/npm-remote/esbuild-freebsd-64/-/esbuild-freebsd-64-0.13.15.tgz#0b8b7eca1690c8ec94c75680c38c07269c1f4a85"
  integrity sha1-C4t+yhaQyOyUx1aAw4wHJpwfSoU=

esbuild-freebsd-arm64@0.13.15:
  version "0.13.15"
  resolved "https://packages.atlassian.com/api/npm/npm-remote/esbuild-freebsd-arm64/-/esbuild-freebsd-arm64-0.13.15.tgz#2e1a6c696bfdcd20a99578b76350b41db1934e52"
  integrity sha1-LhpsaWv9zSCplXi3Y1C0HbGTTlI=

esbuild-linux-32@0.13.15:
  version "0.13.15"
  resolved "https://packages.atlassian.com/api/npm/npm-remote/esbuild-linux-32/-/esbuild-linux-32-0.13.15.tgz#6fd39f36fc66dd45b6b5f515728c7bbebc342a69"
  integrity sha1-b9OfNvxm3UW2tfUVcox7vrw0Kmk=

esbuild-linux-64@0.13.15:
  version "0.13.15"
  resolved "https://packages.atlassian.com/api/npm/npm-remote/esbuild-linux-64/-/esbuild-linux-64-0.13.15.tgz#9cb8e4bcd7574e67946e4ee5f1f1e12386bb6dd3"
  integrity sha1-nLjkvNdXTmeUbk7l8fHhI4a7bdM=

esbuild-linux-arm64@0.13.15:
  version "0.13.15"
  resolved "https://packages.atlassian.com/api/npm/npm-remote/esbuild-linux-arm64/-/esbuild-linux-arm64-0.13.15.tgz#3891aa3704ec579a1b92d2a586122e5b6a2bfba1"
  integrity sha1-OJGqNwTsV5obktKlhhIuW2or+6E=

esbuild-linux-arm@0.13.15:
  version "0.13.15"
  resolved "https://packages.atlassian.com/api/npm/npm-remote/esbuild-linux-arm/-/esbuild-linux-arm-0.13.15.tgz#8a00e99e6a0c6c9a6b7f334841364d8a2b4aecfe"
  integrity sha1-igDpnmoMbJprfzNIQTZNiitK7P4=

esbuild-linux-mips64le@0.13.15:
  version "0.13.15"
  resolved "https://packages.atlassian.com/api/npm/npm-remote/esbuild-linux-mips64le/-/esbuild-linux-mips64le-0.13.15.tgz#36b07cc47c3d21e48db3bb1f4d9ef8f46aead4f7"
  integrity sha1-NrB8xHw9IeSNs7sfTZ749Grq1Pc=

esbuild-linux-ppc64le@0.13.15:
  version "0.13.15"
  resolved "https://packages.atlassian.com/api/npm/npm-remote/esbuild-linux-ppc64le/-/esbuild-linux-ppc64le-0.13.15.tgz#f7e6bba40b9a11eb9dcae5b01550ea04670edad2"
  integrity sha1-9+a7pAuaEeudyuWwFVDqBGcO2tI=

esbuild-netbsd-64@0.13.15:
  version "0.13.15"
  resolved "https://packages.atlassian.com/api/npm/npm-remote/esbuild-netbsd-64/-/esbuild-netbsd-64-0.13.15.tgz#a2fedc549c2b629d580a732d840712b08d440038"
  integrity sha1-ov7cVJwrYp1YCnMthAcSsI1EADg=

esbuild-openbsd-64@0.13.15:
  version "0.13.15"
  resolved "https://packages.atlassian.com/api/npm/npm-remote/esbuild-openbsd-64/-/esbuild-openbsd-64-0.13.15.tgz#b22c0e5806d3a1fbf0325872037f885306b05cd7"
  integrity sha1-siwOWAbTofvwMlhyA3+IUwawXNc=

esbuild-sunos-64@0.13.15:
  version "0.13.15"
  resolved "https://packages.atlassian.com/api/npm/npm-remote/esbuild-sunos-64/-/esbuild-sunos-64-0.13.15.tgz#d0b6454a88375ee8d3964daeff55c85c91c7cef4"
  integrity sha1-0LZFSog3XujTlk2u/1XIXJHHzvQ=

esbuild-windows-32@0.13.15:
  version "0.13.15"
  resolved "https://packages.atlassian.com/api/npm/npm-remote/esbuild-windows-32/-/esbuild-windows-32-0.13.15.tgz#c96d0b9bbb52f3303322582ef8e4847c5ad375a7"
  integrity sha1-yW0Lm7tS8zAzIlgu+OSEfFrTdac=

esbuild-windows-64@0.13.15:
  version "0.13.15"
  resolved "https://packages.atlassian.com/api/npm/npm-remote/esbuild-windows-64/-/esbuild-windows-64-0.13.15.tgz#1f79cb9b1e1bb02fb25cd414cb90d4ea2892c294"
  integrity sha1-H3nLmx4bsC+yXNQUy5DU6iiSwpQ=

esbuild-windows-arm64@0.13.15:
  version "0.13.15"
  resolved "https://packages.atlassian.com/api/npm/npm-remote/esbuild-windows-arm64/-/esbuild-windows-arm64-0.13.15.tgz#482173070810df22a752c686509c370c3be3b3c3"
  integrity sha1-SCFzBwgQ3yKnUsaGUJw3DDvjs8M=

esbuild@^0.13.12:
  version "0.13.15"
  resolved "https://packages.atlassian.com/api/npm/npm-remote/esbuild/-/esbuild-0.13.15.tgz#db56a88166ee373f87dbb2d8798ff449e0450cdf"
  integrity sha1-21aogWbuNz+H27LYeY/0SeBFDN8=
  optionalDependencies:
    esbuild-android-arm64 "0.13.15"
    esbuild-darwin-64 "0.13.15"
    esbuild-darwin-arm64 "0.13.15"
    esbuild-freebsd-64 "0.13.15"
    esbuild-freebsd-arm64 "0.13.15"
    esbuild-linux-32 "0.13.15"
    esbuild-linux-64 "0.13.15"
    esbuild-linux-arm "0.13.15"
    esbuild-linux-arm64 "0.13.15"
    esbuild-linux-mips64le "0.13.15"
    esbuild-linux-ppc64le "0.13.15"
    esbuild-netbsd-64 "0.13.15"
    esbuild-openbsd-64 "0.13.15"
    esbuild-sunos-64 "0.13.15"
    esbuild-windows-32 "0.13.15"
    esbuild-windows-64 "0.13.15"
    esbuild-windows-arm64 "0.13.15"

escodegen@^2.0.0:
  version "2.0.0"
  resolved "https://packages.atlassian.com/api/npm/npm-remote/escodegen/-/escodegen-2.0.0.tgz#5e32b12833e8aa8fa35e1bf0befa89380484c7dd"
  integrity sha1-XjKxKDPoqo+jXhvwvvqJOASEx90=
  dependencies:
    esprima "^4.0.1"
    estraverse "^5.2.0"
    esutils "^2.0.2"
    optionator "^0.8.1"
  optionalDependencies:
    source-map "~0.6.1"

esprima@^4.0.1:
  version "4.0.1"
  resolved "https://packages.atlassian.com/api/npm/npm-remote/esprima/-/esprima-4.0.1.tgz#13b04cdb3e6c5d19df91ab6987a8695619b0aa71"
  integrity sha1-E7BM2z5sXRnfkatph6hpVhmwqnE=

estraverse@^5.2.0:
  version "5.3.0"
  resolved "https://packages.atlassian.com/api/npm/npm-remote/estraverse/-/estraverse-5.3.0.tgz#2eea5290702f26ab8fe5370370ff86c965d21123"
  integrity sha1-LupSkHAvJquP5TcDcP+GyWXSESM=

esutils@^2.0.2:
  version "2.0.3"
  resolved "https://packages.atlassian.com/api/npm/npm-remote/esutils/-/esutils-2.0.3.tgz#74d2eb4de0b8da1293711910d50775b9b710ef64"
  integrity sha1-dNLrTeC42hKTcRkQ1Qd1ubcQ72Q=

fast-levenshtein@~2.0.6:
  version "2.0.6"
  resolved "https://packages.atlassian.com/api/npm/npm-remote/fast-levenshtein/-/fast-levenshtein-2.0.6.tgz#3d8a5c66883a16a30ca8643e851f19baa7797917"
  integrity sha1-PYpcZog6FqMMqGQ+hR8Zuqd5eRc=

fetch-blob@^3.1.2:
  version "3.1.3"
  resolved "https://packages.atlassian.com/api/npm/npm-remote/fetch-blob/-/fetch-blob-3.1.3.tgz#a7dca4855e39d3e3c5a1da62d4ee335c37d26012"
  integrity sha1-p9ykhV450+PFodpi1O4zXDfSYBI=
  dependencies:
    web-streams-polyfill "^3.0.3"

fill-range@^7.0.1:
  version "7.0.1"
  resolved "https://packages.atlassian.com/api/npm/npm-remote/fill-range/-/fill-range-7.0.1.tgz#1919a6a7c75fe38b2c7c77e5198535da9acdda40"
  integrity sha1-GRmmp8df44ssfHflGYU12prN2kA=
  dependencies:
    to-regex-range "^5.0.1"

form-data@^4.0.0:
  version "4.0.0"
  resolved "https://packages.atlassian.com/api/npm/npm-remote/form-data/-/form-data-4.0.0.tgz#93919daeaf361ee529584b9b31664dc12c9fa452"
  integrity sha1-k5Gdrq82HuUpWEubMWZNwSyfpFI=
  dependencies:
    asynckit "^0.4.0"
    combined-stream "^1.0.8"
    mime-types "^2.1.12"

formdata-polyfill@^4.0.10:
  version "4.0.10"
  resolved "https://packages.atlassian.com/api/npm/npm-remote/formdata-polyfill/-/formdata-polyfill-4.0.10.tgz#24807c31c9d402e002ab3d8c720144ceb8848423"
  integrity sha1-JIB8McnUAuACqz2McgFEzriEhCM=
  dependencies:
    fetch-blob "^3.1.2"

fsevents@~2.3.2:
  version "2.3.2"
  resolved "https://packages.atlassian.com/api/npm/npm-remote/fsevents/-/fsevents-2.3.2.tgz#8a526f78b8fdf4623b709e0b975c52c24c02fd1a"
  integrity sha1-ilJveLj99GI7cJ4Ll1xSwkwC/Ro=

get-caller-file@^2.0.5:
  version "2.0.5"
  resolved "https://packages.atlassian.com/api/npm/npm-remote/get-caller-file/-/get-caller-file-2.0.5.tgz#4f94412a82db32f36e3b0b9741f8a97feb031f7e"
  integrity sha1-T5RBKoLbMvNuOwuXQfipf+sDH34=

glob-parent@~5.1.2:
  version "5.1.2"
  resolved "https://packages.atlassian.com/api/npm/npm-remote/glob-parent/-/glob-parent-5.1.2.tgz#869832c58034fe68a4093c17dc15e8340d8401c4"
  integrity sha1-hpgyxYA0/mikCTwX3BXoNA2EAcQ=
  dependencies:
    is-glob "^4.0.1"

html-encoding-sniffer@^3.0.0:
  version "3.0.0"
  resolved "https://packages.atlassian.com/api/npm/npm-remote/html-encoding-sniffer/-/html-encoding-sniffer-3.0.0.tgz#2cb1a8cf0db52414776e5b2a7a04d5dd98158de9"
  integrity sha1-LLGozw21JBR3blsqegTV3ZgVjek=
  dependencies:
    whatwg-encoding "^2.0.0"

http-proxy-agent@^5.0.0:
  version "5.0.0"
  resolved "https://packages.atlassian.com/api/npm/npm-remote/http-proxy-agent/-/http-proxy-agent-5.0.0.tgz#5129800203520d434f142bc78ff3c170800f2b43"
  integrity sha1-USmAAgNSDUNPFCvHj/PBcIAPK0M=
  dependencies:
    "@tootallnate/once" "2"
    agent-base "6"
    debug "4"

https-proxy-agent@^5.0.0:
  version "5.0.0"
  resolved "https://packages.atlassian.com/api/npm/npm-remote/https-proxy-agent/-/https-proxy-agent-5.0.0.tgz#e2a90542abb68a762e0a0850f6c9edadfd8506b2"
  integrity sha1-4qkFQqu2inYuCghQ9sntrf2FBrI=
  dependencies:
    agent-base "6"
    debug "4"

iconv-lite@0.6.3:
  version "0.6.3"
  resolved "https://packages.atlassian.com/api/npm/npm-remote/iconv-lite/-/iconv-lite-0.6.3.tgz#a52f80bf38da1952eb5c681790719871a1a72501"
  integrity sha1-pS+AvzjaGVLrXGgXkHGYcaGnJQE=
  dependencies:
    safer-buffer ">= 2.1.2 < 3.0.0"

is-binary-path@~2.1.0:
  version "2.1.0"
  resolved "https://packages.atlassian.com/api/npm/npm-remote/is-binary-path/-/is-binary-path-2.1.0.tgz#ea1f7f3b80f064236e83470f86c09c254fb45b09"
  integrity sha1-6h9/O4DwZCNug0cPhsCcJU+0Wwk=
  dependencies:
    binary-extensions "^2.0.0"

is-extglob@^2.1.1:
  version "2.1.1"
  resolved "https://packages.atlassian.com/api/npm/npm-remote/is-extglob/-/is-extglob-2.1.1.tgz#a88c02535791f02ed37c76a1b9ea9773c833f8c2"
  integrity sha1-qIwCU1eR8C7TfHahueqXc8gz+MI=

is-glob@^4.0.1, is-glob@~4.0.1:
  version "4.0.3"
  resolved "https://packages.atlassian.com/api/npm/npm-remote/is-glob/-/is-glob-4.0.3.tgz#64f61e42cbbb2eec2071a9dac0b28ba1e65d5084"
  integrity sha1-ZPYeQsu7LuwgcanawLKLoeZdUIQ=
  dependencies:
    is-extglob "^2.1.1"

is-number@^7.0.0:
  version "7.0.0"
  resolved "https://packages.atlassian.com/api/npm/npm-remote/is-number/-/is-number-7.0.0.tgz#7535345b896734d5f80c4d06c50955527a14f12b"
  integrity sha1-dTU0W4lnNNX4DE0GxQlVUnoU8Ss=

is-potential-custom-element-name@^1.0.1:
  version "1.0.1"
  resolved "https://packages.atlassian.com/api/npm/npm-remote/is-potential-custom-element-name/-/is-potential-custom-element-name-1.0.1.tgz#171ed6f19e3ac554394edf78caa05784a45bebb5"
  integrity sha1-Fx7W8Z46xVQ5Tt94yqBXhKRb67U=

jsdom@^18.0.1:
  version "18.1.1"
  resolved "https://packages.atlassian.com/api/npm/npm-remote/jsdom/-/jsdom-18.1.1.tgz#15ec896f5ab7df9669a62375606f47c8c09551aa"
  integrity sha1-FeyJb1q335ZppiN1YG9HyMCVUao=
  dependencies:
    abab "^2.0.5"
    acorn "^8.5.0"
    acorn-globals "^6.0.0"
    cssom "^0.5.0"
    cssstyle "^2.3.0"
    data-urls "^3.0.1"
    decimal.js "^10.3.1"
    domexception "^4.0.0"
    escodegen "^2.0.0"
    form-data "^4.0.0"
    html-encoding-sniffer "^3.0.0"
    http-proxy-agent "^5.0.0"
    https-proxy-agent "^5.0.0"
    is-potential-custom-element-name "^1.0.1"
    nwsapi "^2.2.0"
    parse5 "6.0.1"
    saxes "^5.0.1"
    symbol-tree "^3.2.4"
    tough-cookie "^4.0.0"
    w3c-hr-time "^1.0.2"
    w3c-xmlserializer "^3.0.0"
    webidl-conversions "^7.0.0"
    whatwg-encoding "^2.0.0"
    whatwg-mimetype "^3.0.0"
    whatwg-url "^10.0.0"
    ws "^8.2.3"
    xml-name-validator "^4.0.0"

kleur@^3.0.3:
  version "3.0.3"
  resolved "https://packages.atlassian.com/api/npm/npm-remote/kleur/-/kleur-3.0.3.tgz#a79c9ecc86ee1ce3fa6206d1216c501f147fc07e"
  integrity sha1-p5yezIbuHOP6YgbRIWxQHxR/wH4=

kleur@^4.1.4:
  version "4.1.4"
  resolved "https://packages.atlassian.com/api/npm/npm-remote/kleur/-/kleur-4.1.4.tgz#8c202987d7e577766d039a8cd461934c01cda04d"
  integrity sha1-jCAph9fld3ZtA5qM1GGTTAHNoE0=

levn@~0.3.0:
  version "0.3.0"
  resolved "https://packages.atlassian.com/api/npm/npm-remote/levn/-/levn-0.3.0.tgz#3b09924edf9f083c0490fdd4c0bc4421e04764ee"
  integrity sha1-OwmSTt+fCDwEkP3UwLxEIeBHZO4=
  dependencies:
    prelude-ls "~1.1.2"
    type-check "~0.3.2"

mime-db@1.51.0:
  version "1.51.0"
  resolved "https://packages.atlassian.com/api/npm/npm-remote/mime-db/-/mime-db-1.51.0.tgz#d9ff62451859b18342d960850dc3cfb77e63fb0c"
  integrity sha1-2f9iRRhZsYNC2WCFDcPPt35j+ww=

mime-types@^2.1.12:
  version "2.1.34"
  resolved "https://packages.atlassian.com/api/npm/npm-remote/mime-types/-/mime-types-2.1.34.tgz#5a712f9ec1503511a945803640fafe09d3793c24"
  integrity sha1-WnEvnsFQNRGpRYA2QPr+CdN5PCQ=
  dependencies:
    mime-db "1.51.0"

ms@2.1.2:
  version "2.1.2"
  resolved "https://packages.atlassian.com/api/npm/npm-remote/ms/-/ms-2.1.2.tgz#d09d1f357b443f493382a8eb3ccd183872ae6009"
  integrity sha1-0J0fNXtEP0kzgqjrPM0YOHKuYAk=

node-fetch@^3.0.0:
  version "3.1.0"
  resolved "https://packages.atlassian.com/api/npm/npm-remote/node-fetch/-/node-fetch-3.1.0.tgz#714f4922dc270239487654eaeeab86b8206cb52e"
  integrity sha1-cU9JItwnAjlIdlTq7quGuCBstS4=
  dependencies:
    data-uri-to-buffer "^4.0.0"
    fetch-blob "^3.1.2"
    formdata-polyfill "^4.0.10"

normalize-path@^3.0.0, normalize-path@~3.0.0:
  version "3.0.0"
  resolved "https://packages.atlassian.com/api/npm/npm-remote/normalize-path/-/normalize-path-3.0.0.tgz#0dcd69ff23a1c9b11fd0978316644a0388216a65"
  integrity sha1-Dc1p/yOhybEf0JeDFmRKA4ghamU=

nwsapi@^2.2.0:
  version "2.2.0"
  resolved "https://packages.atlassian.com/api/npm/npm-remote/nwsapi/-/nwsapi-2.2.0.tgz#204879a9e3d068ff2a55139c2c772780681a38b7"
  integrity sha1-IEh5qePQaP8qVROcLHcngGgaOLc=

optionator@^0.8.1:
  version "0.8.3"
  resolved "https://packages.atlassian.com/api/npm/npm-remote/optionator/-/optionator-0.8.3.tgz#84fa1d036fe9d3c7e21d99884b601167ec8fb495"
  integrity sha1-hPodA2/p08fiHZmIS2ARZ+yPtJU=
  dependencies:
    deep-is "~0.1.3"
    fast-levenshtein "~2.0.6"
    levn "~0.3.0"
    prelude-ls "~1.1.2"
    type-check "~0.3.2"
    word-wrap "~1.2.3"

parse5@6.0.1:
  version "6.0.1"
  resolved "https://packages.atlassian.com/api/npm/npm-remote/parse5/-/parse5-6.0.1.tgz#e1a1c085c569b3dc08321184f19a39cc27f7c30b"
  integrity sha1-4aHAhcVps9wIMhGE8Zo5zCf3wws=

picomatch@^2.0.4, picomatch@^2.2.1:
  version "2.3.0"
  resolved "https://packages.atlassian.com/api/npm/npm-remote/picomatch/-/picomatch-2.3.0.tgz#f1f061de8f6a4bf022892e2d128234fb98302972"
  integrity sha1-8fBh3o9qS/AiiS4tEoI0+5gwKXI=

prelude-ls@~1.1.2:
  version "1.1.2"
  resolved "https://packages.atlassian.com/api/npm/npm-remote/prelude-ls/-/prelude-ls-1.1.2.tgz#21932a549f5e52ffd9a827f570e04be62a97da54"
  integrity sha1-IZMqVJ9eUv/ZqCf1cOBL5iqX2lQ=

prettier@^2.4.1:
  version "2.5.0"
  resolved "https://packages.atlassian.com/api/npm/npm-remote/prettier/-/prettier-2.5.0.tgz#a6370e2d4594e093270419d9cc47f7670488f893"
  integrity sha1-pjcOLUWU4JMnBBnZzEf3ZwSI+JM=

prompts@^2.4.2:
  version "2.4.2"
  resolved "https://packages.atlassian.com/api/npm/npm-remote/prompts/-/prompts-2.4.2.tgz#7b57e73b3a48029ad10ebd44f74b01722a4cb069"
  integrity sha1-e1fnOzpIAprRDr1E90sBcipMsGk=
  dependencies:
    kleur "^3.0.3"
    sisteransi "^1.0.5"

psl@^1.1.33:
  version "1.8.0"
  resolved "https://packages.atlassian.com/api/npm/npm-remote/psl/-/psl-1.8.0.tgz#9326f8bcfb013adcc005fdff056acce020e51c24"
  integrity sha1-kyb4vPsBOtzABf3/BWrM4CDlHCQ=

punycode@^2.1.1:
  version "2.1.1"
  resolved "https://packages.atlassian.com/api/npm/npm-remote/punycode/-/punycode-2.1.1.tgz#b58b010ac40c22c5657616c8d2c2c02c7bf479ec"
  integrity sha1-tYsBCsQMIsVldhbI0sLALHv0eew=

readdirp@~3.6.0:
  version "3.6.0"
  resolved "https://packages.atlassian.com/api/npm/npm-remote/readdirp/-/readdirp-3.6.0.tgz#74a370bd857116e245b29cc97340cd431a02a6c7"
  integrity sha1-dKNwvYVxFuJFspzJc0DNQxoCpsc=
  dependencies:
    picomatch "^2.2.1"

"safer-buffer@>= 2.1.2 < 3.0.0":
  version "2.1.2"
  resolved "https://packages.atlassian.com/api/npm/npm-remote/safer-buffer/-/safer-buffer-2.1.2.tgz#44fa161b0187b9549dd84bb91802f9bd8385cd6a"
  integrity sha1-RPoWGwGHuVSd2Eu5GAL5vYOFzWo=

saxes@^5.0.1:
  version "5.0.1"
  resolved "https://packages.atlassian.com/api/npm/npm-remote/saxes/-/saxes-5.0.1.tgz#eebab953fa3b7608dbe94e5dadb15c888fa6696d"
  integrity sha1-7rq5U/o7dgjb6U5drbFciI+maW0=
  dependencies:
    xmlchars "^2.2.0"

sisteransi@^1.0.5:
  version "1.0.5"
  resolved "https://packages.atlassian.com/api/npm/npm-remote/sisteransi/-/sisteransi-1.0.5.tgz#134d681297756437cc05ca01370d3a7a571075ed"
  integrity sha1-E01oEpd1ZDfMBcoBNw06elcQde0=

source-map@~0.6.1:
  version "0.6.1"
  resolved "https://packages.atlassian.com/api/npm/npm-remote/source-map/-/source-map-0.6.1.tgz#74722af32e9614e9c287a8d0bbde48b5e2f1a263"
  integrity sha1-dHIq8y6WFOnCh6jQu95IteLxomM=

symbol-tree@^3.2.4:
  version "3.2.4"
  resolved "https://packages.atlassian.com/api/npm/npm-remote/symbol-tree/-/symbol-tree-3.2.4.tgz#430637d248ba77e078883951fb9aa0eed7c63fa2"
  integrity sha1-QwY30ki6d+B4iDlR+5qg7tfGP6I=

to-regex-range@^5.0.1:
  version "5.0.1"
  resolved "https://packages.atlassian.com/api/npm/npm-remote/to-regex-range/-/to-regex-range-5.0.1.tgz#1648c44aae7c8d988a326018ed72f5b4dd0392e4"
  integrity sha1-FkjESq58jZiKMmAY7XL1tN0DkuQ=
  dependencies:
    is-number "^7.0.0"

tough-cookie@^4.0.0:
  version "4.0.0"
  resolved "https://packages.atlassian.com/api/npm/npm-remote/tough-cookie/-/tough-cookie-4.0.0.tgz#d822234eeca882f991f0f908824ad2622ddbece4"
  integrity sha1-2CIjTuyogvmR8PkIgkrSYi3b7OQ=
  dependencies:
    psl "^1.1.33"
    punycode "^2.1.1"
    universalify "^0.1.2"

tr46@^3.0.0:
  version "3.0.0"
  resolved "https://packages.atlassian.com/api/npm/npm-remote/tr46/-/tr46-3.0.0.tgz#555c4e297a950617e8eeddef633c87d4d9d6cbf9"
  integrity sha1-VVxOKXqVBhfo7t3vYzyH1NnWy/k=
  dependencies:
    punycode "^2.1.1"

tslib@^2.3.1:
  version "2.3.1"
  resolved "https://packages.atlassian.com/api/npm/npm-remote/tslib/-/tslib-2.3.1.tgz#e8a335add5ceae51aa261d32a490158ef042ef01"
  integrity sha1-6KM1rdXOrlGqJh0ypJAVjvBC7wE=

type-check@~0.3.2:
  version "0.3.2"
  resolved "https://packages.atlassian.com/api/npm/npm-remote/type-check/-/type-check-0.3.2.tgz#5884cab512cf1d355e3fb784f30804b2b520db72"
  integrity sha1-WITKtRLPHTVeP7eE8wgEsrUg23I=
  dependencies:
    prelude-ls "~1.1.2"

typescript@^4.4.4:
  version "4.5.2"
  resolved "https://packages.atlassian.com/api/npm/npm-remote/typescript/-/typescript-4.5.2.tgz#8ac1fba9f52256fdb06fb89e4122fa6a346c2998"
  integrity sha1-isH7qfUiVv2wb7ieQSL6ajRsKZg=

universalify@^0.1.2:
  version "0.1.2"
  resolved "https://packages.atlassian.com/api/npm/npm-remote/universalify/-/universalify-0.1.2.tgz#b646f69be3942dabcecc9d6639c80dc105efaa66"
  integrity sha1-tkb2m+OULavOzJ1mOcgNwQXvqmY=

w3c-hr-time@^1.0.2:
  version "1.0.2"
  resolved "https://packages.atlassian.com/api/npm/npm-remote/w3c-hr-time/-/w3c-hr-time-1.0.2.tgz#0a89cdf5cc15822df9c360543676963e0cc308cd"
  integrity sha1-ConN9cwVgi35w2BUNnaWPgzDCM0=
  dependencies:
    browser-process-hrtime "^1.0.0"

w3c-xmlserializer@^3.0.0:
  version "3.0.0"
  resolved "https://packages.atlassian.com/api/npm/npm-remote/w3c-xmlserializer/-/w3c-xmlserializer-3.0.0.tgz#06cdc3eefb7e4d0b20a560a5a3aeb0d2d9a65923"
  integrity sha1-Bs3D7vt+TQsgpWClo66w0tmmWSM=
  dependencies:
    xml-name-validator "^4.0.0"

web-streams-polyfill@^3.0.3:
  version "3.2.0"
  resolved "https://packages.atlassian.com/api/npm/npm-remote/web-streams-polyfill/-/web-streams-polyfill-3.2.0.tgz#a6b74026b38e4885869fb5c589e90b95ccfc7965"
  integrity sha1-prdAJrOOSIWGn7XFiekLlcz8eWU=

webidl-conversions@^7.0.0:
  version "7.0.0"
  resolved "https://packages.atlassian.com/api/npm/npm-remote/webidl-conversions/-/webidl-conversions-7.0.0.tgz#256b4e1882be7debbf01d05f0aa2039778ea080a"
  integrity sha1-JWtOGIK+feu/AdBfCqIDl3jqCAo=

whatwg-encoding@^2.0.0:
  version "2.0.0"
  resolved "https://packages.atlassian.com/api/npm/npm-remote/whatwg-encoding/-/whatwg-encoding-2.0.0.tgz#e7635f597fd87020858626805a2729fa7698ac53"
  integrity sha1-52NfWX/YcCCFhiaAWicp+naYrFM=
  dependencies:
    iconv-lite "0.6.3"

whatwg-mimetype@^3.0.0:
  version "3.0.0"
  resolved "https://packages.atlassian.com/api/npm/npm-remote/whatwg-mimetype/-/whatwg-mimetype-3.0.0.tgz#5fa1a7623867ff1af6ca3dc72ad6b8a4208beba7"
  integrity sha1-X6GnYjhn/xr2yj3HKta4pCCL66c=

whatwg-url@^10.0.0:
  version "10.0.0"
  resolved "https://packages.atlassian.com/api/npm/npm-remote/whatwg-url/-/whatwg-url-10.0.0.tgz#37264f720b575b4a311bd4094ed8c760caaa05da"
  integrity sha1-NyZPcgtXW0oxG9QJTtjHYMqqBdo=
  dependencies:
    tr46 "^3.0.0"
    webidl-conversions "^7.0.0"

word-wrap@~1.2.3:
  version "1.2.3"
  resolved "https://packages.atlassian.com/api/npm/npm-remote/word-wrap/-/word-wrap-1.2.3.tgz#610636f6b1f703891bd34771ccb17fb93b47079c"
  integrity sha1-YQY29rH3A4kb00dxzLF/uTtHB5w=

ws@^8.2.3:
  version "8.3.0"
  resolved "https://packages.atlassian.com/api/npm/npm-remote/ws/-/ws-8.3.0.tgz#7185e252c8973a60d57170175ff55fdbd116070d"
  integrity sha1-cYXiUsiXOmDVcXAXX/Vf29EWBw0=

xml-name-validator@^4.0.0:
  version "4.0.0"
  resolved "https://packages.atlassian.com/api/npm/npm-remote/xml-name-validator/-/xml-name-validator-4.0.0.tgz#79a006e2e63149a8600f15430f0a4725d1524835"
  integrity sha1-eaAG4uYxSahgDxVDDwpHJdFSSDU=

xmlchars@^2.2.0:
  version "2.2.0"
  resolved "https://packages.atlassian.com/api/npm/npm-remote/xmlchars/-/xmlchars-2.2.0.tgz#060fe1bcb7f9c76fe2a17db86a9bc3ab894210cb"
  integrity sha1-Bg/hvLf5x2/ioX24apvDq4lCEMs=
